// !$*UTF8*$!
{
	archiveVersion = 1;
	classes = {
	};
	objectVersion = 46;
	objects = {

/* Begin PBXBuildFile section */
		B65DDC0F18C57D1E0076408C /* SDUtils.m in Sources */ = {isa = PBXBuildFile; fileRef = B65DDC0E18C57D1E0076408C /* SDUtils.m */; };
		B65DDC1218C57FB30076408C /* UIViewController+Addition.m in Sources */ = {isa = PBXBuildFile; fileRef = B65DDC1118C57FB30076408C /* UIViewController+Addition.m */; };
		EF658E5E18C461C400FC9E07 /* SDMenuViewController.m in Sources */ = {isa = PBXBuildFile; fileRef = EF658E5D18C461C400FC9E07 /* SDMenuViewController.m */; };
		EFA8EBC018BDD87100144B75 /* Foundation.framework in Frameworks */ = {isa = PBXBuildFile; fileRef = EFA8EBBF18BDD87100144B75 /* Foundation.framework */; };
		EFA8EBC218BDD87100144B75 /* CoreGraphics.framework in Frameworks */ = {isa = PBXBuildFile; fileRef = EFA8EBC118BDD87100144B75 /* CoreGraphics.framework */; };
		EFA8EBC418BDD87100144B75 /* UIKit.framework in Frameworks */ = {isa = PBXBuildFile; fileRef = EFA8EBC318BDD87100144B75 /* UIKit.framework */; };
		EFA8EBCA18BDD87100144B75 /* InfoPlist.strings in Resources */ = {isa = PBXBuildFile; fileRef = EFA8EBC818BDD87100144B75 /* InfoPlist.strings */; };
		EFA8EBCC18BDD87100144B75 /* main.m in Sources */ = {isa = PBXBuildFile; fileRef = EFA8EBCB18BDD87100144B75 /* main.m */; };
		EFA8EBD018BDD87100144B75 /* SDAppDelegate.m in Sources */ = {isa = PBXBuildFile; fileRef = EFA8EBCF18BDD87100144B75 /* SDAppDelegate.m */; };
		EFA8EBD318BDD87100144B75 /* Main.storyboard in Resources */ = {isa = PBXBuildFile; fileRef = EFA8EBD118BDD87100144B75 /* Main.storyboard */; };
		EFA8EBD618BDD87100144B75 /* SDDynamicsDrawerViewController.m in Sources */ = {isa = PBXBuildFile; fileRef = EFA8EBD518BDD87100144B75 /* SDDynamicsDrawerViewController.m */; };
		EFA8EBD818BDD87100144B75 /* Images.xcassets in Resources */ = {isa = PBXBuildFile; fileRef = EFA8EBD718BDD87100144B75 /* Images.xcassets */; };
		EFA8EBDF18BDD87100144B75 /* XCTest.framework in Frameworks */ = {isa = PBXBuildFile; fileRef = EFA8EBDE18BDD87100144B75 /* XCTest.framework */; };
		EFA8EBE018BDD87100144B75 /* Foundation.framework in Frameworks */ = {isa = PBXBuildFile; fileRef = EFA8EBBF18BDD87100144B75 /* Foundation.framework */; };
		EFA8EBE118BDD87100144B75 /* UIKit.framework in Frameworks */ = {isa = PBXBuildFile; fileRef = EFA8EBC318BDD87100144B75 /* UIKit.framework */; };
		EFA8EBE918BDD87100144B75 /* InfoPlist.strings in Resources */ = {isa = PBXBuildFile; fileRef = EFA8EBE718BDD87100144B75 /* InfoPlist.strings */; };
		EFA8EBEB18BDD87100144B75 /* ConceptTests.m in Sources */ = {isa = PBXBuildFile; fileRef = EFA8EBEA18BDD87100144B75 /* ConceptTests.m */; };
		EFA8EC0E18BDDA8F00144B75 /* libMSDynamicsDrawerViewController.a in Frameworks */ = {isa = PBXBuildFile; fileRef = EFA8EC0918BDDA6D00144B75 /* libMSDynamicsDrawerViewController.a */; };
/* End PBXBuildFile section */

/* Begin PBXContainerItemProxy section */
		EFA8EBE218BDD87100144B75 /* PBXContainerItemProxy */ = {
			isa = PBXContainerItemProxy;
			containerPortal = EFA8EBB418BDD87100144B75 /* Project object */;
			proxyType = 1;
			remoteGlobalIDString = EFA8EBBB18BDD87100144B75;
			remoteInfo = Concept;
		};
		EFA8EC0818BDDA6D00144B75 /* PBXContainerItemProxy */ = {
			isa = PBXContainerItemProxy;
			containerPortal = EFA8EC0218BDDA6D00144B75 /* MSDynamicsDrawerViewController.xcodeproj */;
			proxyType = 2;
			remoteGlobalIDString = 3AAD490B1830929B003FAFA8;
			remoteInfo = MSDynamicsDrawerViewController;
		};
		EFA8EC0A18BDDA6D00144B75 /* PBXContainerItemProxy */ = {
			isa = PBXContainerItemProxy;
			containerPortal = EFA8EC0218BDDA6D00144B75 /* MSDynamicsDrawerViewController.xcodeproj */;
			proxyType = 2;
			remoteGlobalIDString = 3AAD491B1830929B003FAFA8;
			remoteInfo = MSDynamicsDrawerViewControllerTests;
		};
		EFA8EC0C18BDDA8600144B75 /* PBXContainerItemProxy */ = {
			isa = PBXContainerItemProxy;
			containerPortal = EFA8EC0218BDDA6D00144B75 /* MSDynamicsDrawerViewController.xcodeproj */;
			proxyType = 1;
			remoteGlobalIDString = 3AAD490A1830929B003FAFA8;
			remoteInfo = MSDynamicsDrawerViewController;
		};
/* End PBXContainerItemProxy section */

/* Begin PBXCopyFilesBuildPhase section */
		EF658E4C18BDE4A900FC9E07 /* Copy Files */ = {
			isa = PBXCopyFilesBuildPhase;
			buildActionMask = 2147483647;
			dstPath = "";
			dstSubfolderSpec = 16;
			files = (
			);
			name = "Copy Files";
			runOnlyForDeploymentPostprocessing = 0;
		};
/* End PBXCopyFilesBuildPhase section */

/* Begin PBXFileReference section */
		B65DDC0D18C57D1E0076408C /* SDUtils.h */ = {isa = PBXFileReference; fileEncoding = 4; lastKnownFileType = sourcecode.c.h; name = SDUtils.h; path = Classes/SDUtils.h; sourceTree = "<group>"; };
		B65DDC0E18C57D1E0076408C /* SDUtils.m */ = {isa = PBXFileReference; fileEncoding = 4; lastKnownFileType = sourcecode.c.objc; name = SDUtils.m; path = Classes/SDUtils.m; sourceTree = "<group>"; };
		B65DDC1018C57FB30076408C /* UIViewController+Addition.h */ = {isa = PBXFileReference; fileEncoding = 4; lastKnownFileType = sourcecode.c.h; name = "UIViewController+Addition.h"; path = "Classes/UIViewController+Addition.h"; sourceTree = "<group>"; };
		B65DDC1118C57FB30076408C /* UIViewController+Addition.m */ = {isa = PBXFileReference; fileEncoding = 4; lastKnownFileType = sourcecode.c.objc; name = "UIViewController+Addition.m"; path = "Classes/UIViewController+Addition.m"; sourceTree = "<group>"; };
		EF658E5C18C461C400FC9E07 /* SDMenuViewController.h */ = {isa = PBXFileReference; fileEncoding = 4; lastKnownFileType = sourcecode.c.h; name = SDMenuViewController.h; path = Classes/SDMenuViewController.h; sourceTree = "<group>"; };
		EF658E5D18C461C400FC9E07 /* SDMenuViewController.m */ = {isa = PBXFileReference; fileEncoding = 4; lastKnownFileType = sourcecode.c.objc; name = SDMenuViewController.m; path = Classes/SDMenuViewController.m; sourceTree = "<group>"; };
		EFA8EBBC18BDD87100144B75 /* Concept.app */ = {isa = PBXFileReference; explicitFileType = wrapper.application; includeInIndex = 0; path = Concept.app; sourceTree = BUILT_PRODUCTS_DIR; };
		EFA8EBBF18BDD87100144B75 /* Foundation.framework */ = {isa = PBXFileReference; lastKnownFileType = wrapper.framework; name = Foundation.framework; path = System/Library/Frameworks/Foundation.framework; sourceTree = SDKROOT; };
		EFA8EBC118BDD87100144B75 /* CoreGraphics.framework */ = {isa = PBXFileReference; lastKnownFileType = wrapper.framework; name = CoreGraphics.framework; path = System/Library/Frameworks/CoreGraphics.framework; sourceTree = SDKROOT; };
		EFA8EBC318BDD87100144B75 /* UIKit.framework */ = {isa = PBXFileReference; lastKnownFileType = wrapper.framework; name = UIKit.framework; path = System/Library/Frameworks/UIKit.framework; sourceTree = SDKROOT; };
		EFA8EBC718BDD87100144B75 /* Concept-Info.plist */ = {isa = PBXFileReference; lastKnownFileType = text.plist.xml; path = "Concept-Info.plist"; sourceTree = "<group>"; };
		EFA8EBC918BDD87100144B75 /* en */ = {isa = PBXFileReference; lastKnownFileType = text.plist.strings; name = en; path = en.lproj/InfoPlist.strings; sourceTree = "<group>"; };
		EFA8EBCB18BDD87100144B75 /* main.m */ = {isa = PBXFileReference; lastKnownFileType = sourcecode.c.objc; path = main.m; sourceTree = "<group>"; };
		EFA8EBCD18BDD87100144B75 /* Concept-Prefix.pch */ = {isa = PBXFileReference; lastKnownFileType = sourcecode.c.h; path = "Concept-Prefix.pch"; sourceTree = "<group>"; };
		EFA8EBCE18BDD87100144B75 /* SDAppDelegate.h */ = {isa = PBXFileReference; lastKnownFileType = sourcecode.c.h; path = SDAppDelegate.h; sourceTree = "<group>"; };
		EFA8EBCF18BDD87100144B75 /* SDAppDelegate.m */ = {isa = PBXFileReference; lastKnownFileType = sourcecode.c.objc; path = SDAppDelegate.m; sourceTree = "<group>"; };
		EFA8EBD218BDD87100144B75 /* Base */ = {isa = PBXFileReference; lastKnownFileType = file.storyboard; name = Base; path = Base.lproj/Main.storyboard; sourceTree = "<group>"; };
		EFA8EBD418BDD87100144B75 /* SDDynamicsDrawerViewController.h */ = {isa = PBXFileReference; lastKnownFileType = sourcecode.c.h; path = SDDynamicsDrawerViewController.h; sourceTree = "<group>"; };
		EFA8EBD518BDD87100144B75 /* SDDynamicsDrawerViewController.m */ = {isa = PBXFileReference; lastKnownFileType = sourcecode.c.objc; path = SDDynamicsDrawerViewController.m; sourceTree = "<group>"; };
		EFA8EBD718BDD87100144B75 /* Images.xcassets */ = {isa = PBXFileReference; lastKnownFileType = folder.assetcatalog; path = Images.xcassets; sourceTree = "<group>"; };
		EFA8EBDD18BDD87100144B75 /* ConceptTests.xctest */ = {isa = PBXFileReference; explicitFileType = wrapper.cfbundle; includeInIndex = 0; path = ConceptTests.xctest; sourceTree = BUILT_PRODUCTS_DIR; };
		EFA8EBDE18BDD87100144B75 /* XCTest.framework */ = {isa = PBXFileReference; lastKnownFileType = wrapper.framework; name = XCTest.framework; path = Library/Frameworks/XCTest.framework; sourceTree = DEVELOPER_DIR; };
		EFA8EBE618BDD87100144B75 /* ConceptTests-Info.plist */ = {isa = PBXFileReference; lastKnownFileType = text.plist.xml; path = "ConceptTests-Info.plist"; sourceTree = "<group>"; };
		EFA8EBE818BDD87100144B75 /* en */ = {isa = PBXFileReference; lastKnownFileType = text.plist.strings; name = en; path = en.lproj/InfoPlist.strings; sourceTree = "<group>"; };
		EFA8EBEA18BDD87100144B75 /* ConceptTests.m */ = {isa = PBXFileReference; lastKnownFileType = sourcecode.c.objc; path = ConceptTests.m; sourceTree = "<group>"; };
		EFA8EC0218BDDA6D00144B75 /* MSDynamicsDrawerViewController.xcodeproj */ = {isa = PBXFileReference; lastKnownFileType = "wrapper.pb-project"; name = MSDynamicsDrawerViewController.xcodeproj; path = "../Other Sources/MSDynamicsDrawerViewController/MSDynamicsDrawerViewController.xcodeproj"; sourceTree = "<group>"; };
/* End PBXFileReference section */

/* Begin PBXFrameworksBuildPhase section */
		EFA8EBB918BDD87100144B75 /* Frameworks */ = {
			isa = PBXFrameworksBuildPhase;
			buildActionMask = 2147483647;
			files = (
				EFA8EC0E18BDDA8F00144B75 /* libMSDynamicsDrawerViewController.a in Frameworks */,
				EFA8EBC218BDD87100144B75 /* CoreGraphics.framework in Frameworks */,
				EFA8EBC418BDD87100144B75 /* UIKit.framework in Frameworks */,
				EFA8EBC018BDD87100144B75 /* Foundation.framework in Frameworks */,
			);
			runOnlyForDeploymentPostprocessing = 0;
		};
		EFA8EBDA18BDD87100144B75 /* Frameworks */ = {
			isa = PBXFrameworksBuildPhase;
			buildActionMask = 2147483647;
			files = (
				EFA8EBDF18BDD87100144B75 /* XCTest.framework in Frameworks */,
				EFA8EBE118BDD87100144B75 /* UIKit.framework in Frameworks */,
				EFA8EBE018BDD87100144B75 /* Foundation.framework in Frameworks */,
			);
			runOnlyForDeploymentPostprocessing = 0;
		};
/* End PBXFrameworksBuildPhase section */

/* Begin PBXGroup section */
		B65DDC0A18C57D050076408C /* Utils */ = {
			isa = PBXGroup;
			children = (
				B65DDC0D18C57D1E0076408C /* SDUtils.h */,
				B65DDC0E18C57D1E0076408C /* SDUtils.m */,
				B65DDC1018C57FB30076408C /* UIViewController+Addition.h */,
				B65DDC1118C57FB30076408C /* UIViewController+Addition.m */,
			);
			name = Utils;
			sourceTree = "<group>";
		};
		EF658E4D18C459D000FC9E07 /* Classes */ = {
			isa = PBXGroup;
			children = (
				EF658E5A18C4615C00FC9E07 /* App Delegate */,
				B65DDC0A18C57D050076408C /* Utils */,
				EF658E5B18C4616D00FC9E07 /* ViewControllers */,
			);
			name = Classes;
			sourceTree = "<group>";
		};
		EF658E5A18C4615C00FC9E07 /* App Delegate */ = {
			isa = PBXGroup;
			children = (
				EFA8EBCE18BDD87100144B75 /* SDAppDelegate.h */,
				EFA8EBCF18BDD87100144B75 /* SDAppDelegate.m */,
			);
			name = "App Delegate";
			sourceTree = "<group>";
		};
		EF658E5B18C4616D00FC9E07 /* ViewControllers */ = {
			isa = PBXGroup;
			children = (
				EFA8EBD418BDD87100144B75 /* SDDynamicsDrawerViewController.h */,
				EFA8EBD518BDD87100144B75 /* SDDynamicsDrawerViewController.m */,
				EF658E5C18C461C400FC9E07 /* SDMenuViewController.h */,
				EF658E5D18C461C400FC9E07 /* SDMenuViewController.m */,
			);
			name = ViewControllers;
			sourceTree = "<group>";
		};
		EFA8EBB318BDD87100144B75 = {
			isa = PBXGroup;
			children = (
				EFA8EBC518BDD87100144B75 /* Concept */,
				EFA8EBE418BDD87100144B75 /* ConceptTests */,
				EFA8EBBE18BDD87100144B75 /* Frameworks */,
				EFA8EC0118BDDA4A00144B75 /* Other Sources */,
				EFA8EBBD18BDD87100144B75 /* Products */,
			);
			sourceTree = "<group>";
		};
		EFA8EBBD18BDD87100144B75 /* Products */ = {
			isa = PBXGroup;
			children = (
				EFA8EBBC18BDD87100144B75 /* Concept.app */,
				EFA8EBDD18BDD87100144B75 /* ConceptTests.xctest */,
			);
			name = Products;
			sourceTree = "<group>";
		};
		EFA8EBBE18BDD87100144B75 /* Frameworks */ = {
			isa = PBXGroup;
			children = (
				EFA8EBBF18BDD87100144B75 /* Foundation.framework */,
				EFA8EBC118BDD87100144B75 /* CoreGraphics.framework */,
				EFA8EBC318BDD87100144B75 /* UIKit.framework */,
				EFA8EBDE18BDD87100144B75 /* XCTest.framework */,
			);
			name = Frameworks;
			sourceTree = "<group>";
		};
		EFA8EBC518BDD87100144B75 /* Concept */ = {
			isa = PBXGroup;
			children = (
				EF658E4D18C459D000FC9E07 /* Classes */,
				EFA8EBC618BDD87100144B75 /* Supporting Files */,
			);
			path = Concept;
			sourceTree = "<group>";
		};
		EFA8EBC618BDD87100144B75 /* Supporting Files */ = {
			isa = PBXGroup;
			children = (
				EFA8EBD718BDD87100144B75 /* Images.xcassets */,
				EFA8EBD118BDD87100144B75 /* Main.storyboard */,
				EFA8EBC718BDD87100144B75 /* Concept-Info.plist */,
				EFA8EBC818BDD87100144B75 /* InfoPlist.strings */,
				EFA8EBCB18BDD87100144B75 /* main.m */,
				EFA8EBCD18BDD87100144B75 /* Concept-Prefix.pch */,
			);
			name = "Supporting Files";
			sourceTree = "<group>";
		};
		EFA8EBE418BDD87100144B75 /* ConceptTests */ = {
			isa = PBXGroup;
			children = (
				EFA8EBEA18BDD87100144B75 /* ConceptTests.m */,
				EFA8EBE518BDD87100144B75 /* Supporting Files */,
			);
			path = ConceptTests;
			sourceTree = "<group>";
		};
		EFA8EBE518BDD87100144B75 /* Supporting Files */ = {
			isa = PBXGroup;
			children = (
				EFA8EBE618BDD87100144B75 /* ConceptTests-Info.plist */,
				EFA8EBE718BDD87100144B75 /* InfoPlist.strings */,
			);
			name = "Supporting Files";
			sourceTree = "<group>";
		};
		EFA8EC0118BDDA4A00144B75 /* Other Sources */ = {
			isa = PBXGroup;
			children = (
				EFA8EC0218BDDA6D00144B75 /* MSDynamicsDrawerViewController.xcodeproj */,
			);
			name = "Other Sources";
			sourceTree = "<group>";
		};
		EFA8EC0318BDDA6D00144B75 /* Products */ = {
			isa = PBXGroup;
			children = (
				EFA8EC0918BDDA6D00144B75 /* libMSDynamicsDrawerViewController.a */,
				EFA8EC0B18BDDA6D00144B75 /* MSDynamicsDrawerViewControllerTests.xctest */,
			);
			name = Products;
			sourceTree = "<group>";
		};
/* End PBXGroup section */

/* Begin PBXNativeTarget section */
		EFA8EBBB18BDD87100144B75 /* Concept */ = {
			isa = PBXNativeTarget;
			buildConfigurationList = EFA8EBEE18BDD87100144B75 /* Build configuration list for PBXNativeTarget "Concept" */;
			buildPhases = (
				EFA8EBB818BDD87100144B75 /* Sources */,
				EFA8EBB918BDD87100144B75 /* Frameworks */,
				EFA8EBBA18BDD87100144B75 /* Resources */,
				EF658E4C18BDE4A900FC9E07 /* Copy Files */,
			);
			buildRules = (
			);
			dependencies = (
				EFA8EC0D18BDDA8600144B75 /* PBXTargetDependency */,
			);
			name = Concept;
			productName = Concept;
			productReference = EFA8EBBC18BDD87100144B75 /* Concept.app */;
			productType = "com.apple.product-type.application";
		};
		EFA8EBDC18BDD87100144B75 /* ConceptTests */ = {
			isa = PBXNativeTarget;
			buildConfigurationList = EFA8EBF118BDD87100144B75 /* Build configuration list for PBXNativeTarget "ConceptTests" */;
			buildPhases = (
				EFA8EBD918BDD87100144B75 /* Sources */,
				EFA8EBDA18BDD87100144B75 /* Frameworks */,
				EFA8EBDB18BDD87100144B75 /* Resources */,
			);
			buildRules = (
			);
			dependencies = (
				EFA8EBE318BDD87100144B75 /* PBXTargetDependency */,
			);
			name = ConceptTests;
			productName = ConceptTests;
			productReference = EFA8EBDD18BDD87100144B75 /* ConceptTests.xctest */;
			productType = "com.apple.product-type.bundle.unit-test";
		};
/* End PBXNativeTarget section */

/* Begin PBXProject section */
		EFA8EBB418BDD87100144B75 /* Project object */ = {
			isa = PBXProject;
			attributes = {
				CLASSPREFIX = Cc;
				LastUpgradeCheck = 0500;
				ORGANIZATIONNAME = "Freddy So";
				TargetAttributes = {
					EFA8EBDC18BDD87100144B75 = {
						TestTargetID = EFA8EBBB18BDD87100144B75;
					};
				};
			};
			buildConfigurationList = EFA8EBB718BDD87100144B75 /* Build configuration list for PBXProject "Concept" */;
			compatibilityVersion = "Xcode 3.2";
			developmentRegion = English;
			hasScannedForEncodings = 0;
			knownRegions = (
				en,
				Base,
			);
			mainGroup = EFA8EBB318BDD87100144B75;
			productRefGroup = EFA8EBBD18BDD87100144B75 /* Products */;
			projectDirPath = "";
			projectReferences = (
				{
					ProductGroup = EFA8EC0318BDDA6D00144B75 /* Products */;
					ProjectRef = EFA8EC0218BDDA6D00144B75 /* MSDynamicsDrawerViewController.xcodeproj */;
				},
			);
			projectRoot = "";
			targets = (
				EFA8EBBB18BDD87100144B75 /* Concept */,
				EFA8EBDC18BDD87100144B75 /* ConceptTests */,
			);
		};
/* End PBXProject section */

/* Begin PBXReferenceProxy section */
		EFA8EC0918BDDA6D00144B75 /* libMSDynamicsDrawerViewController.a */ = {
			isa = PBXReferenceProxy;
			fileType = archive.ar;
			path = libMSDynamicsDrawerViewController.a;
			remoteRef = EFA8EC0818BDDA6D00144B75 /* PBXContainerItemProxy */;
			sourceTree = BUILT_PRODUCTS_DIR;
		};
		EFA8EC0B18BDDA6D00144B75 /* MSDynamicsDrawerViewControllerTests.xctest */ = {
			isa = PBXReferenceProxy;
			fileType = wrapper.cfbundle;
			path = MSDynamicsDrawerViewControllerTests.xctest;
			remoteRef = EFA8EC0A18BDDA6D00144B75 /* PBXContainerItemProxy */;
			sourceTree = BUILT_PRODUCTS_DIR;
		};
/* End PBXReferenceProxy section */

/* Begin PBXResourcesBuildPhase section */
		EFA8EBBA18BDD87100144B75 /* Resources */ = {
			isa = PBXResourcesBuildPhase;
			buildActionMask = 2147483647;
			files = (
				EFA8EBD818BDD87100144B75 /* Images.xcassets in Resources */,
				EFA8EBCA18BDD87100144B75 /* InfoPlist.strings in Resources */,
				EFA8EBD318BDD87100144B75 /* Main.storyboard in Resources */,
			);
			runOnlyForDeploymentPostprocessing = 0;
		};
		EFA8EBDB18BDD87100144B75 /* Resources */ = {
			isa = PBXResourcesBuildPhase;
			buildActionMask = 2147483647;
			files = (
				EFA8EBE918BDD87100144B75 /* InfoPlist.strings in Resources */,
			);
			runOnlyForDeploymentPostprocessing = 0;
		};
/* End PBXResourcesBuildPhase section */

/* Begin PBXSourcesBuildPhase section */
		EFA8EBB818BDD87100144B75 /* Sources */ = {
			isa = PBXSourcesBuildPhase;
			buildActionMask = 2147483647;
			files = (
				B65DDC0F18C57D1E0076408C /* SDUtils.m in Sources */,
				EF658E5E18C461C400FC9E07 /* SDMenuViewController.m in Sources */,
				EFA8EBD018BDD87100144B75 /* SDAppDelegate.m in Sources */,
				EFA8EBD618BDD87100144B75 /* SDDynamicsDrawerViewController.m in Sources */,
				B65DDC1218C57FB30076408C /* UIViewController+Addition.m in Sources */,
				EFA8EBCC18BDD87100144B75 /* main.m in Sources */,
			);
			runOnlyForDeploymentPostprocessing = 0;
		};
		EFA8EBD918BDD87100144B75 /* Sources */ = {
			isa = PBXSourcesBuildPhase;
			buildActionMask = 2147483647;
			files = (
				EFA8EBEB18BDD87100144B75 /* ConceptTests.m in Sources */,
			);
			runOnlyForDeploymentPostprocessing = 0;
		};
/* End PBXSourcesBuildPhase section */

/* Begin PBXTargetDependency section */
		EFA8EBE318BDD87100144B75 /* PBXTargetDependency */ = {
			isa = PBXTargetDependency;
			target = EFA8EBBB18BDD87100144B75 /* Concept */;
			targetProxy = EFA8EBE218BDD87100144B75 /* PBXContainerItemProxy */;
		};
		EFA8EC0D18BDDA8600144B75 /* PBXTargetDependency */ = {
			isa = PBXTargetDependency;
			name = MSDynamicsDrawerViewController;
			targetProxy = EFA8EC0C18BDDA8600144B75 /* PBXContainerItemProxy */;
		};
/* End PBXTargetDependency section */

/* Begin PBXVariantGroup section */
		EFA8EBC818BDD87100144B75 /* InfoPlist.strings */ = {
			isa = PBXVariantGroup;
			children = (
				EFA8EBC918BDD87100144B75 /* en */,
			);
			name = InfoPlist.strings;
			sourceTree = "<group>";
		};
		EFA8EBD118BDD87100144B75 /* Main.storyboard */ = {
			isa = PBXVariantGroup;
			children = (
				EFA8EBD218BDD87100144B75 /* Base */,
			);
			name = Main.storyboard;
			sourceTree = "<group>";
		};
		EFA8EBE718BDD87100144B75 /* InfoPlist.strings */ = {
			isa = PBXVariantGroup;
			children = (
				EFA8EBE818BDD87100144B75 /* en */,
			);
			name = InfoPlist.strings;
			sourceTree = "<group>";
		};
/* End PBXVariantGroup section */

/* Begin XCBuildConfiguration section */
		EFA8EBEC18BDD87100144B75 /* Debug */ = {
			isa = XCBuildConfiguration;
			buildSettings = {
				ALWAYS_SEARCH_USER_PATHS = NO;
				ARCHS = "$(ARCHS_STANDARD_INCLUDING_64_BIT)";
				CLANG_CXX_LANGUAGE_STANDARD = "gnu++0x";
				CLANG_CXX_LIBRARY = "libc++";
				CLANG_ENABLE_MODULES = YES;
				CLANG_ENABLE_OBJC_ARC = YES;
				CLANG_WARN_BOOL_CONVERSION = YES;
				CLANG_WARN_CONSTANT_CONVERSION = YES;
				CLANG_WARN_DIRECT_OBJC_ISA_USAGE = YES_ERROR;
				CLANG_WARN_EMPTY_BODY = YES;
				CLANG_WARN_ENUM_CONVERSION = YES;
				CLANG_WARN_INT_CONVERSION = YES;
				CLANG_WARN_OBJC_ROOT_CLASS = YES_ERROR;
				CLANG_WARN__DUPLICATE_METHOD_MATCH = YES;
				"CODE_SIGN_IDENTITY[sdk=iphoneos*]" = "iPhone Developer";
				COPY_PHASE_STRIP = NO;
				GCC_C_LANGUAGE_STANDARD = gnu99;
				GCC_DYNAMIC_NO_PIC = NO;
				GCC_OPTIMIZATION_LEVEL = 0;
				GCC_PREPROCESSOR_DEFINITIONS = (
					"DEBUG=1",
					"$(inherited)",
				);
				GCC_SYMBOLS_PRIVATE_EXTERN = NO;
				GCC_WARN_64_TO_32_BIT_CONVERSION = YES;
				GCC_WARN_ABOUT_RETURN_TYPE = YES_ERROR;
				GCC_WARN_UNDECLARED_SELECTOR = YES;
				GCC_WARN_UNINITIALIZED_AUTOS = YES;
				GCC_WARN_UNUSED_FUNCTION = YES;
				GCC_WARN_UNUSED_VARIABLE = YES;
				IPHONEOS_DEPLOYMENT_TARGET = 7.0;
				ONLY_ACTIVE_ARCH = YES;
				SDKROOT = iphoneos;
			};
			name = Debug;
		};
		EFA8EBED18BDD87100144B75 /* Release */ = {
			isa = XCBuildConfiguration;
			buildSettings = {
				ALWAYS_SEARCH_USER_PATHS = NO;
				ARCHS = "$(ARCHS_STANDARD_INCLUDING_64_BIT)";
				CLANG_CXX_LANGUAGE_STANDARD = "gnu++0x";
				CLANG_CXX_LIBRARY = "libc++";
				CLANG_ENABLE_MODULES = YES;
				CLANG_ENABLE_OBJC_ARC = YES;
				CLANG_WARN_BOOL_CONVERSION = YES;
				CLANG_WARN_CONSTANT_CONVERSION = YES;
				CLANG_WARN_DIRECT_OBJC_ISA_USAGE = YES_ERROR;
				CLANG_WARN_EMPTY_BODY = YES;
				CLANG_WARN_ENUM_CONVERSION = YES;
				CLANG_WARN_INT_CONVERSION = YES;
				CLANG_WARN_OBJC_ROOT_CLASS = YES_ERROR;
				CLANG_WARN__DUPLICATE_METHOD_MATCH = YES;
				"CODE_SIGN_IDENTITY[sdk=iphoneos*]" = "iPhone Developer";
				COPY_PHASE_STRIP = YES;
				ENABLE_NS_ASSERTIONS = NO;
				GCC_C_LANGUAGE_STANDARD = gnu99;
				GCC_WARN_64_TO_32_BIT_CONVERSION = YES;
				GCC_WARN_ABOUT_RETURN_TYPE = YES_ERROR;
				GCC_WARN_UNDECLARED_SELECTOR = YES;
				GCC_WARN_UNINITIALIZED_AUTOS = YES;
				GCC_WARN_UNUSED_FUNCTION = YES;
				GCC_WARN_UNUSED_VARIABLE = YES;
				IPHONEOS_DEPLOYMENT_TARGET = 7.0;
				SDKROOT = iphoneos;
				VALIDATE_PRODUCT = YES;
			};
			name = Release;
		};
		EFA8EBEF18BDD87100144B75 /* Debug */ = {
			isa = XCBuildConfiguration;
			buildSettings = {
				ALWAYS_SEARCH_USER_PATHS = YES;
				ASSETCATALOG_COMPILER_APPICON_NAME = AppIcon;
				ASSETCATALOG_COMPILER_LAUNCHIMAGE_NAME = LaunchImage;
				GCC_PRECOMPILE_PREFIX_HEADER = YES;
				GCC_PREFIX_HEADER = "Concept/Concept-Prefix.pch";
				HEADER_SEARCH_PATHS = (
					"$(SOURCE_ROOT)/../Other\\ Sources/MSDynamicsDrawerViewController/MSDynamicsDrawerViewController",
					"$(inherited)",
					/Applications/Xcode.app/Contents/Developer/Toolchains/XcodeDefault.xctoolchain/usr/include,
				);
				INFOPLIST_FILE = "Concept/Concept-Info.plist";
				OTHER_LDFLAGS = (
					"-ObjC",
					"-all_load",
				);
				PRODUCT_NAME = "$(TARGET_NAME)";
				USER_HEADER_SEARCH_PATHS = "";
				WRAPPER_EXTENSION = app;
			};
			name = Debug;
		};
		EFA8EBF018BDD87100144B75 /* Release */ = {
			isa = XCBuildConfiguration;
			buildSettings = {
				ALWAYS_SEARCH_USER_PATHS = YES;
				ASSETCATALOG_COMPILER_APPICON_NAME = AppIcon;
				ASSETCATALOG_COMPILER_LAUNCHIMAGE_NAME = LaunchImage;
				GCC_PRECOMPILE_PREFIX_HEADER = YES;
				GCC_PREFIX_HEADER = "Concept/Concept-Prefix.pch";
				HEADER_SEARCH_PATHS = (
					"$(SOURCE_ROOT)/../Other\\ Sources/MSDynamicsDrawerViewController/MSDynamicsDrawerViewController",
					"$(inherited)",
					/Applications/Xcode.app/Contents/Developer/Toolchains/XcodeDefault.xctoolchain/usr/include,
				);
				INFOPLIST_FILE = "Concept/Concept-Info.plist";
				OTHER_LDFLAGS = (
					"-ObjC",
					"-all_load",
				);
				PRODUCT_NAME = "$(TARGET_NAME)";
				USER_HEADER_SEARCH_PATHS = "";
				WRAPPER_EXTENSION = app;
			};
			name = Release;
		};
		EFA8EBF218BDD87100144B75 /* Debug */ = {
			isa = XCBuildConfiguration;
			buildSettings = {
				ARCHS = "$(ARCHS_STANDARD_INCLUDING_64_BIT)";
				BUNDLE_LOADER = "$(BUILT_PRODUCTS_DIR)/Concept.app/Concept";
				FRAMEWORK_SEARCH_PATHS = (
					"$(SDKROOT)/Developer/Library/Frameworks",
					"$(inherited)",
					"$(DEVELOPER_FRAMEWORKS_DIR)",
				);
				GCC_PRECOMPILE_PREFIX_HEADER = YES;
				GCC_PREFIX_HEADER = "Concept/Concept-Prefix.pch";
				GCC_PREPROCESSOR_DEFINITIONS = (
					"DEBUG=1",
					"$(inherited)",
				);
				INFOPLIST_FILE = "ConceptTests/ConceptTests-Info.plist";
				PRODUCT_NAME = "$(TARGET_NAME)";
				TEST_HOST = "$(BUNDLE_LOADER)";
				WRAPPER_EXTENSION = xctest;
			};
			name = Debug;
		};
		EFA8EBF318BDD87100144B75 /* Release */ = {
			isa = XCBuildConfiguration;
			buildSettings = {
				ARCHS = "$(ARCHS_STANDARD_INCLUDING_64_BIT)";
				BUNDLE_LOADER = "$(BUILT_PRODUCTS_DIR)/Concept.app/Concept";
				FRAMEWORK_SEARCH_PATHS = (
					"$(SDKROOT)/Developer/Library/Frameworks",
					"$(inherited)",
					"$(DEVELOPER_FRAMEWORKS_DIR)",
				);
				GCC_PRECOMPILE_PREFIX_HEADER = YES;
				GCC_PREFIX_HEADER = "Concept/Concept-Prefix.pch";
				INFOPLIST_FILE = "ConceptTests/ConceptTests-Info.plist";
				PRODUCT_NAME = "$(TARGET_NAME)";
				TEST_HOST = "$(BUNDLE_LOADER)";
				WRAPPER_EXTENSION = xctest;
			};
			name = Release;
		};
/* End XCBuildConfiguration section */

/* Begin XCConfigurationList section */
		EFA8EBB718BDD87100144B75 /* Build configuration list for PBXProject "Concept" */ = {
			isa = XCConfigurationList;
			buildConfigurations = (
				EFA8EBEC18BDD87100144B75 /* Debug */,
				EFA8EBED18BDD87100144B75 /* Release */,
			);
			defaultConfigurationIsVisible = 0;
			defaultConfigurationName = Release;
		};
		EFA8EBEE18BDD87100144B75 /* Build configuration list for PBXNativeTarget "Concept" */ = {
			isa = XCConfigurationList;
			buildConfigurations = (
				EFA8EBEF18BDD87100144B75 /* Debug */,
				EFA8EBF018BDD87100144B75 /* Release */,
			);
			defaultConfigurationIsVisible = 0;
			defaultConfigurationName = Release;
		};
		EFA8EBF118BDD87100144B75 /* Build configuration list for PBXNativeTarget "ConceptTests" */ = {
			isa = XCConfigurationList;
			buildConfigurations = (
				EFA8EBF218BDD87100144B75 /* Debug */,
				EFA8EBF318BDD87100144B75 /* Release */,
			);
			defaultConfigurationIsVisible = 0;
			defaultConfigurationName = Release;
		};
/* End XCConfigurationList section */
	};
	rootObject = EFA8EBB418BDD87100144B75 /* Project object */;
}
